speakeasyVersion: 1.417.0
sources:
    messaging-sdk-typescript -OAS:
        sourceNamespace: messaging-sdk-typescript--oas
        sourceRevisionDigest: sha256:baf4fde1189a38768faccdc2237f9e6fd7c9bd910482ab66a9cce579a767ca78
        sourceBlobDigest: sha256:b67aa030704d52bb3c1dd28f314bc90b564a46410310fc53142b6d12616c9222
        tags:
            - latest
targets:
    messaging-sdk-typescript:
        source: messaging-sdk-typescript -OAS
        sourceNamespace: messaging-sdk-typescript--oas
        sourceRevisionDigest: sha256:baf4fde1189a38768faccdc2237f9e6fd7c9bd910482ab66a9cce579a767ca78
        sourceBlobDigest: sha256:b67aa030704d52bb3c1dd28f314bc90b564a46410310fc53142b6d12616c9222
workflow:
    workflowVersion: 1.0.0
    speakeasyVersion: latest
    sources:
        messaging-sdk-typescript -OAS:
            inputs:
                - location: ..\..\..\app\libs\restApi\openapi.yaml
            registry:
                location: registry.speakeasyapi.dev/intermedia/gsmservice-pl/messaging-sdk-typescript--oas
    targets:
        messaging-sdk-typescript:
            target: typescript
            source: messaging-sdk-typescript -OAS
            codeSamples:
                output: .speakeasy\code-samples-overlay.yaml
                langOverride: php
                labelOverride:
                    fixedValue: Typescript SDK
