speakeasyVersion: 1.418.1
sources:
    messaging-sdk-typescript -OAS:
        sourceNamespace: messaging-sdk-typescript--oas
        sourceRevisionDigest: sha256:efca598dc97c80189be8438e62ff38c8bb5757274646ae620568c61f0826f81d
        sourceBlobDigest: sha256:6634ed34247946457b489eeb7d547f8e807c75c8b499e712e8149e945b43629b
        tags:
            - latest
targets:
    messaging-sdk-typescript:
        source: messaging-sdk-typescript -OAS
        sourceNamespace: messaging-sdk-typescript--oas
        sourceRevisionDigest: sha256:efca598dc97c80189be8438e62ff38c8bb5757274646ae620568c61f0826f81d
        sourceBlobDigest: sha256:6634ed34247946457b489eeb7d547f8e807c75c8b499e712e8149e945b43629b
workflow:
    workflowVersion: 1.0.0
    speakeasyVersion: latest
    sources:
        messaging-sdk-typescript -OAS:
            inputs:
                - location: ..\..\..\app\libs\restApi\openapi.yaml
            registry:
                location: registry.speakeasyapi.dev/intermedia/gsmservice-pl/messaging-sdk-typescript--oas
    targets:
        messaging-sdk-typescript:
            target: typescript
            source: messaging-sdk-typescript -OAS
            publish:
                npm:
                    token: $npm_token
            codeSamples:
                output: .speakeasy\code-samples-overlay.yaml
                langOverride: php
                labelOverride:
                    fixedValue: Typescript SDK
